{
  "name": "cavax-bot",
  "version": "1.0.0",
  "lockfileVersion": 2,
  "requires": true,
  "packages": {
    "": {
      "version": "1.0.0",
      "license": "ISC",
      "dependencies": {
        "@types/node": "^16.7.7",
        "dotenv": "^10.0.0",
        "twitter-api-v2": "^1.4.0"
      }
    },
    "node_modules/@types/node": {
      "version": "16.7.7",
      "resolved": "https://registry.npmjs.org/@types/node/-/node-16.7.7.tgz",
      "integrity": "sha512-bxWC4rgIF/FjM7JsPvpk6ZKGITgw27qsYCbi6h4kWZWYpchOLENgvFaRBZUc64Q/M1y+X2EteahRbyo8QFCKdw=="
    },
    "node_modules/dotenv": {
      "version": "10.0.0",
      "resolved": "https://registry.npmjs.org/dotenv/-/dotenv-10.0.0.tgz",
      "integrity": "sha512-rlBi9d8jpv9Sf1klPjNfFAuWDjKLwTIJJ/VxtoTwIR6hnZxcEOQCZg2oIL3MWBYw5GpUDKOEnND7LXTbIpQ03Q==",
      "engines": {
        "node": ">=10"
      }
    },
    "node_modules/twitter-api-v2": {
      "version": "1.4.0",
      "resolved": "https://registry.npmjs.org/twitter-api-v2/-/twitter-api-v2-1.4.0.tgz",
      "integrity": "sha512-ikxt5+hFr4Tk6ln2+RqPZW7a4NfH9S9kZFsmRAVcREA5ZcSxFDtP6C4KucmMdbzeUzFQcGNmEKCNBbrvV4jubw=="
    }
  },
  "dependencies": {
    "@types/node": {
      "version": "16.7.7",
      "resolved": "https://registry.npmjs.org/@types/node/-/node-16.7.7.tgz",
      "integrity": "sha512-bxWC4rgIF/FjM7JsPvpk6ZKGITgw27qsYCbi6h4kWZWYpchOLENgvFaRBZUc64Q/M1y+X2EteahRbyo8QFCKdw=="
    },
    "dotenv": {
      "version": "10.0.0",
      "resolved": "https://registry.npmjs.org/dotenv/-/dotenv-10.0.0.tgz",
      "integrity": "sha512-rlBi9d8jpv9Sf1klPjNfFAuWDjKLwTIJJ/VxtoTwIR6hnZxcEOQCZg2oIL3MWBYw5GpUDKOEnND7LXTbIpQ03Q=="
    },
    "twitter-api-v2": {
      "version": "1.4.0",
      "resolved": "https://registry.npmjs.org/twitter-api-v2/-/twitter-api-v2-1.4.0.tgz",
      "integrity": "sha512-ikxt5+hFr4Tk6ln2+RqPZW7a4NfH9S9kZFsmRAVcREA5ZcSxFDtP6C4KucmMdbzeUzFQcGNmEKCNBbrvV4jubw=="
    }
  }
}
